
Microsoft Visual Studio Solution File, Format Version 12.00
# Visual Studio Version 17
VisualStudioVersion = 17.10.35027.167
MinimumVisualStudioVersion = 10.0.40219.1
Project("{FAE04EC0-301F-11D3-BF4B-00C04F79EFBC}") = "TimedBroadcast", "TimedBroadcast\TimedBroadcast.csproj", "{1915341B-032D-4D40-955D-E7271C568F21}"
EndProject
Global
	GlobalSection(SolutionConfigurationPlatforms) = preSolution
		Debug|Any CPU = Debug|Any CPU
		Release|Any CPU = Release|Any CPU
	EndGlobalSection
	GlobalSection(ProjectConfigurationPlatforms) = postSolution
		{1915341B-032D-4D40-955D-E7271C568F21}.Debug|Any CPU.ActiveCfg = Debug|Any CPU
		{1915341B-032D-4D40-955D-E7271C568F21}.Debug|Any CPU.Build.0 = Debug|Any CPU
		{1915341B-032D-4D40-955D-E7271C568F21}.Release|Any CPU.ActiveCfg = Release|Any CPU
		{1915341B-032D-4D40-955D-E7271C568F21}.Release|Any CPU.Build.0 = Release|Any CPU
	EndGlobalSection
	GlobalSection(SolutionProperties) = preSolution
		HideSolutionNode = FALSE
	EndGlobalSection
	GlobalSection(ExtensibilityGlobals) = postSolution
		SolutionGuid = {133FA1EC-4594-4900-9886-37F2767C27CC}
	EndGlobalSection
EndGlobal
